
Microsoft Visual Studio Solution File, Format Version 12.00
# Visual Studio Version 16
VisualStudioVersion = 16.0.32802.440
MinimumVisualStudioVersion = 10.0.40219.1
Project("{FAE04EC0-301F-11D3-BF4B-00C04F79EFBC}") = "Exercício_3.1", "Exercício_3.1\Exercício_3.1.csproj", "{AE69AE5E-BC5C-42E9-898A-7BFE038BA074}"
EndProject
Global
	GlobalSection(SolutionConfigurationPlatforms) = preSolution
		Debug|Any CPU = Debug|Any CPU
		Release|Any CPU = Release|Any CPU
	EndGlobalSection
	GlobalSection(ProjectConfigurationPlatforms) = postSolution
		{AE69AE5E-BC5C-42E9-898A-7BFE038BA074}.Debug|Any CPU.ActiveCfg = Debug|Any CPU
		{AE69AE5E-BC5C-42E9-898A-7BFE038BA074}.Debug|Any CPU.Build.0 = Debug|Any CPU
		{AE69AE5E-BC5C-42E9-898A-7BFE038BA074}.Release|Any CPU.ActiveCfg = Release|Any CPU
		{AE69AE5E-BC5C-42E9-898A-7BFE038BA074}.Release|Any CPU.Build.0 = Release|Any CPU
	EndGlobalSection
	GlobalSection(SolutionProperties) = preSolution
		HideSolutionNode = FALSE
	EndGlobalSection
	GlobalSection(ExtensibilityGlobals) = postSolution
		SolutionGuid = {07965F1C-712F-4556-8AF2-661D53A151FA}
	EndGlobalSection
EndGlobal
