
Microsoft Visual Studio Solution File, Format Version 12.00
# Visual Studio Version 16
VisualStudioVersion = 16.0.32802.440
MinimumVisualStudioVersion = 10.0.40219.1
Project("{FAE04EC0-301F-11D3-BF4B-00C04F79EFBC}") = "Exercício fixação Lista", "Exercício fixação Lista\Exercício fixação Lista.csproj", "{37AE602D-4768-4C01-9CF1-FB5B3C772D31}"
EndProject
Global
	GlobalSection(SolutionConfigurationPlatforms) = preSolution
		Debug|Any CPU = Debug|Any CPU
		Release|Any CPU = Release|Any CPU
	EndGlobalSection
	GlobalSection(ProjectConfigurationPlatforms) = postSolution
		{37AE602D-4768-4C01-9CF1-FB5B3C772D31}.Debug|Any CPU.ActiveCfg = Debug|Any CPU
		{37AE602D-4768-4C01-9CF1-FB5B3C772D31}.Debug|Any CPU.Build.0 = Debug|Any CPU
		{37AE602D-4768-4C01-9CF1-FB5B3C772D31}.Release|Any CPU.ActiveCfg = Release|Any CPU
		{37AE602D-4768-4C01-9CF1-FB5B3C772D31}.Release|Any CPU.Build.0 = Release|Any CPU
	EndGlobalSection
	GlobalSection(SolutionProperties) = preSolution
		HideSolutionNode = FALSE
	EndGlobalSection
	GlobalSection(ExtensibilityGlobals) = postSolution
		SolutionGuid = {20CD1D4F-2A0F-4239-BD92-386AB1ACE212}
	EndGlobalSection
EndGlobal
