
Microsoft Visual Studio Solution File, Format Version 12.00
# Visual Studio Version 16
VisualStudioVersion = 16.0.32802.440
MinimumVisualStudioVersion = 10.0.40219.1
Project("{FAE04EC0-301F-11D3-BF4B-00C04F79EFBC}") = "Entrada de Dados CS_Parte 2", "Entrada de Dados CS_Parte 2\Entrada de Dados CS_Parte 2.csproj", "{B9E4627A-CBA7-4EEC-8664-8DA572860E01}"
EndProject
Global
	GlobalSection(SolutionConfigurationPlatforms) = preSolution
		Debug|Any CPU = Debug|Any CPU
		Release|Any CPU = Release|Any CPU
	EndGlobalSection
	GlobalSection(ProjectConfigurationPlatforms) = postSolution
		{B9E4627A-CBA7-4EEC-8664-8DA572860E01}.Debug|Any CPU.ActiveCfg = Debug|Any CPU
		{B9E4627A-CBA7-4EEC-8664-8DA572860E01}.Debug|Any CPU.Build.0 = Debug|Any CPU
		{B9E4627A-CBA7-4EEC-8664-8DA572860E01}.Release|Any CPU.ActiveCfg = Release|Any CPU
		{B9E4627A-CBA7-4EEC-8664-8DA572860E01}.Release|Any CPU.Build.0 = Release|Any CPU
	EndGlobalSection
	GlobalSection(SolutionProperties) = preSolution
		HideSolutionNode = FALSE
	EndGlobalSection
	GlobalSection(ExtensibilityGlobals) = postSolution
		SolutionGuid = {D9432AAB-8691-4DA5-BDC0-48DA53FF07F7}
	EndGlobalSection
EndGlobal
