
Microsoft Visual Studio Solution File, Format Version 12.00
# Visual Studio Version 16
VisualStudioVersion = 16.0.32802.440
MinimumVisualStudioVersion = 10.0.40219.1
Project("{FAE04EC0-301F-11D3-BF4B-00C04F79EFBC}") = "Praticando CSharp", "Praticando CSharp\Praticando CSharp.csproj", "{8EE279B8-5363-4AC6-8A67-5C83DBDB2E28}"
EndProject
Global
	GlobalSection(SolutionConfigurationPlatforms) = preSolution
		Debug|Any CPU = Debug|Any CPU
		Release|Any CPU = Release|Any CPU
	EndGlobalSection
	GlobalSection(ProjectConfigurationPlatforms) = postSolution
		{8EE279B8-5363-4AC6-8A67-5C83DBDB2E28}.Debug|Any CPU.ActiveCfg = Debug|Any CPU
		{8EE279B8-5363-4AC6-8A67-5C83DBDB2E28}.Debug|Any CPU.Build.0 = Debug|Any CPU
		{8EE279B8-5363-4AC6-8A67-5C83DBDB2E28}.Release|Any CPU.ActiveCfg = Release|Any CPU
		{8EE279B8-5363-4AC6-8A67-5C83DBDB2E28}.Release|Any CPU.Build.0 = Release|Any CPU
	EndGlobalSection
	GlobalSection(SolutionProperties) = preSolution
		HideSolutionNode = FALSE
	EndGlobalSection
	GlobalSection(ExtensibilityGlobals) = postSolution
		SolutionGuid = {F4EB2C40-1A5D-4197-BEF0-D79CD78C3A1B}
	EndGlobalSection
EndGlobal
