
Microsoft Visual Studio Solution File, Format Version 12.00
# Visual Studio Version 16
VisualStudioVersion = 16.0.32802.440
MinimumVisualStudioVersion = 10.0.40219.1
Project("{FAE04EC0-301F-11D3-BF4B-00C04F79EFBC}") = "Estrutura Try-Catch", "Estrutura Try-Catch\Estrutura Try-Catch.csproj", "{3E6FAFD3-8B52-4270-962E-5EF08ABAB00E}"
EndProject
Global
	GlobalSection(SolutionConfigurationPlatforms) = preSolution
		Debug|Any CPU = Debug|Any CPU
		Release|Any CPU = Release|Any CPU
	EndGlobalSection
	GlobalSection(ProjectConfigurationPlatforms) = postSolution
		{3E6FAFD3-8B52-4270-962E-5EF08ABAB00E}.Debug|Any CPU.ActiveCfg = Debug|Any CPU
		{3E6FAFD3-8B52-4270-962E-5EF08ABAB00E}.Debug|Any CPU.Build.0 = Debug|Any CPU
		{3E6FAFD3-8B52-4270-962E-5EF08ABAB00E}.Release|Any CPU.ActiveCfg = Release|Any CPU
		{3E6FAFD3-8B52-4270-962E-5EF08ABAB00E}.Release|Any CPU.Build.0 = Release|Any CPU
	EndGlobalSection
	GlobalSection(SolutionProperties) = preSolution
		HideSolutionNode = FALSE
	EndGlobalSection
	GlobalSection(ExtensibilityGlobals) = postSolution
		SolutionGuid = {8F5833F2-E4BD-4695-87A7-F247E0AE2F78}
	EndGlobalSection
EndGlobal
