
Microsoft Visual Studio Solution File, Format Version 12.00
# Visual Studio Version 16
VisualStudioVersion = 16.0.32802.440
MinimumVisualStudioVersion = 10.0.40219.1
Project("{FAE04EC0-301F-11D3-BF4B-00C04F79EFBC}") = "Exercícios_2.3", "Exercícios_2.3\Exercícios_2.3.csproj", "{5CEDAD05-F83D-49EE-AB18-06D492D1004F}"
EndProject
Global
	GlobalSection(SolutionConfigurationPlatforms) = preSolution
		Debug|Any CPU = Debug|Any CPU
		Release|Any CPU = Release|Any CPU
	EndGlobalSection
	GlobalSection(ProjectConfigurationPlatforms) = postSolution
		{5CEDAD05-F83D-49EE-AB18-06D492D1004F}.Debug|Any CPU.ActiveCfg = Debug|Any CPU
		{5CEDAD05-F83D-49EE-AB18-06D492D1004F}.Debug|Any CPU.Build.0 = Debug|Any CPU
		{5CEDAD05-F83D-49EE-AB18-06D492D1004F}.Release|Any CPU.ActiveCfg = Release|Any CPU
		{5CEDAD05-F83D-49EE-AB18-06D492D1004F}.Release|Any CPU.Build.0 = Release|Any CPU
	EndGlobalSection
	GlobalSection(SolutionProperties) = preSolution
		HideSolutionNode = FALSE
	EndGlobalSection
	GlobalSection(ExtensibilityGlobals) = postSolution
		SolutionGuid = {DF3FFBF1-42BF-4A45-8BB3-9A0AE70BD242}
	EndGlobalSection
EndGlobal
