
Microsoft Visual Studio Solution File, Format Version 12.00
# Visual Studio Version 16
VisualStudioVersion = 16.0.32929.386
MinimumVisualStudioVersion = 10.0.40219.1
Project("{FAE04EC0-301F-11D3-BF4B-00C04F79EFBC}") = "Directory e Directory Info", "Directory e Directory Info\Directory e Directory Info.csproj", "{0B507316-3308-441D-A9B5-7DFC112E3216}"
EndProject
Global
	GlobalSection(SolutionConfigurationPlatforms) = preSolution
		Debug|Any CPU = Debug|Any CPU
		Release|Any CPU = Release|Any CPU
	EndGlobalSection
	GlobalSection(ProjectConfigurationPlatforms) = postSolution
		{0B507316-3308-441D-A9B5-7DFC112E3216}.Debug|Any CPU.ActiveCfg = Debug|Any CPU
		{0B507316-3308-441D-A9B5-7DFC112E3216}.Debug|Any CPU.Build.0 = Debug|Any CPU
		{0B507316-3308-441D-A9B5-7DFC112E3216}.Release|Any CPU.ActiveCfg = Release|Any CPU
		{0B507316-3308-441D-A9B5-7DFC112E3216}.Release|Any CPU.Build.0 = Release|Any CPU
	EndGlobalSection
	GlobalSection(SolutionProperties) = preSolution
		HideSolutionNode = FALSE
	EndGlobalSection
	GlobalSection(ExtensibilityGlobals) = postSolution
		SolutionGuid = {8475C146-8F84-4302-ACDA-B2A0F24F48BD}
	EndGlobalSection
EndGlobal
