
Microsoft Visual Studio Solution File, Format Version 12.00
# Visual Studio Version 16
VisualStudioVersion = 16.0.33027.164
MinimumVisualStudioVersion = 10.0.40219.1
Project("{FAE04EC0-301F-11D3-BF4B-00C04F79EFBC}") = "Generics_Set_Dictionary", "Generics_Set_Dictionary\Generics_Set_Dictionary.csproj", "{8B1BA051-292D-46CC-BA89-03EC6B4CB17A}"
EndProject
Global
	GlobalSection(SolutionConfigurationPlatforms) = preSolution
		Debug|Any CPU = Debug|Any CPU
		Release|Any CPU = Release|Any CPU
	EndGlobalSection
	GlobalSection(ProjectConfigurationPlatforms) = postSolution
		{8B1BA051-292D-46CC-BA89-03EC6B4CB17A}.Debug|Any CPU.ActiveCfg = Debug|Any CPU
		{8B1BA051-292D-46CC-BA89-03EC6B4CB17A}.Debug|Any CPU.Build.0 = Debug|Any CPU
		{8B1BA051-292D-46CC-BA89-03EC6B4CB17A}.Release|Any CPU.ActiveCfg = Release|Any CPU
		{8B1BA051-292D-46CC-BA89-03EC6B4CB17A}.Release|Any CPU.Build.0 = Release|Any CPU
	EndGlobalSection
	GlobalSection(SolutionProperties) = preSolution
		HideSolutionNode = FALSE
	EndGlobalSection
	GlobalSection(ExtensibilityGlobals) = postSolution
		SolutionGuid = {0077EE9D-5717-45DC-87B6-D71569F9A41C}
	EndGlobalSection
EndGlobal
