
Microsoft Visual Studio Solution File, Format Version 12.00
# Visual Studio Version 16
VisualStudioVersion = 16.0.32802.440
MinimumVisualStudioVersion = 10.0.40219.1
Project("{FAE04EC0-301F-11D3-BF4B-00C04F79EFBC}") = "Exercício Composição de Objetos", "Exercício Composição de Objetos\Exercício Composição de Objetos.csproj", "{022FD5C1-C3D4-4105-9153-6C06ADE17B04}"
EndProject
Global
	GlobalSection(SolutionConfigurationPlatforms) = preSolution
		Debug|Any CPU = Debug|Any CPU
		Release|Any CPU = Release|Any CPU
	EndGlobalSection
	GlobalSection(ProjectConfigurationPlatforms) = postSolution
		{022FD5C1-C3D4-4105-9153-6C06ADE17B04}.Debug|Any CPU.ActiveCfg = Debug|Any CPU
		{022FD5C1-C3D4-4105-9153-6C06ADE17B04}.Debug|Any CPU.Build.0 = Debug|Any CPU
		{022FD5C1-C3D4-4105-9153-6C06ADE17B04}.Release|Any CPU.ActiveCfg = Release|Any CPU
		{022FD5C1-C3D4-4105-9153-6C06ADE17B04}.Release|Any CPU.Build.0 = Release|Any CPU
	EndGlobalSection
	GlobalSection(SolutionProperties) = preSolution
		HideSolutionNode = FALSE
	EndGlobalSection
	GlobalSection(ExtensibilityGlobals) = postSolution
		SolutionGuid = {8FB8EAC5-5738-4014-A451-E24D9462000C}
	EndGlobalSection
EndGlobal
