
Microsoft Visual Studio Solution File, Format Version 12.00
# Visual Studio Version 16
VisualStudioVersion = 16.0.32802.440
MinimumVisualStudioVersion = 10.0.40219.1
Project("{FAE04EC0-301F-11D3-BF4B-00C04F79EFBC}") = "Exercícios_4.3", "Exercícios_4.3\Exercícios_4.3.csproj", "{1BCFE692-5F7E-435F-8B17-C702463D4610}"
EndProject
Global
	GlobalSection(SolutionConfigurationPlatforms) = preSolution
		Debug|Any CPU = Debug|Any CPU
		Release|Any CPU = Release|Any CPU
	EndGlobalSection
	GlobalSection(ProjectConfigurationPlatforms) = postSolution
		{1BCFE692-5F7E-435F-8B17-C702463D4610}.Debug|Any CPU.ActiveCfg = Debug|Any CPU
		{1BCFE692-5F7E-435F-8B17-C702463D4610}.Debug|Any CPU.Build.0 = Debug|Any CPU
		{1BCFE692-5F7E-435F-8B17-C702463D4610}.Release|Any CPU.ActiveCfg = Release|Any CPU
		{1BCFE692-5F7E-435F-8B17-C702463D4610}.Release|Any CPU.Build.0 = Release|Any CPU
	EndGlobalSection
	GlobalSection(SolutionProperties) = preSolution
		HideSolutionNode = FALSE
	EndGlobalSection
	GlobalSection(ExtensibilityGlobals) = postSolution
		SolutionGuid = {EDBD0F5C-15F0-4C3B-8C41-674277978BDD}
	EndGlobalSection
EndGlobal
