
Microsoft Visual Studio Solution File, Format Version 12.00
# Visual Studio Version 16
VisualStudioVersion = 16.0.32802.440
MinimumVisualStudioVersion = 10.0.40219.1
Project("{FAE04EC0-301F-11D3-BF4B-00C04F79EFBC}") = "Exercício_2.3", "Exercício_2.3\Exercício_2.3.csproj", "{1474689F-C025-49F5-8C61-8CE71C5BF4C0}"
EndProject
Global
	GlobalSection(SolutionConfigurationPlatforms) = preSolution
		Debug|Any CPU = Debug|Any CPU
		Release|Any CPU = Release|Any CPU
	EndGlobalSection
	GlobalSection(ProjectConfigurationPlatforms) = postSolution
		{1474689F-C025-49F5-8C61-8CE71C5BF4C0}.Debug|Any CPU.ActiveCfg = Debug|Any CPU
		{1474689F-C025-49F5-8C61-8CE71C5BF4C0}.Debug|Any CPU.Build.0 = Debug|Any CPU
		{1474689F-C025-49F5-8C61-8CE71C5BF4C0}.Release|Any CPU.ActiveCfg = Release|Any CPU
		{1474689F-C025-49F5-8C61-8CE71C5BF4C0}.Release|Any CPU.Build.0 = Release|Any CPU
	EndGlobalSection
	GlobalSection(SolutionProperties) = preSolution
		HideSolutionNode = FALSE
	EndGlobalSection
	GlobalSection(ExtensibilityGlobals) = postSolution
		SolutionGuid = {390D8194-7E2C-4E44-B1CF-8026104496BA}
	EndGlobalSection
EndGlobal
