
Microsoft Visual Studio Solution File, Format Version 12.00
# Visual Studio Version 16
VisualStudioVersion = 16.0.32802.440
MinimumVisualStudioVersion = 10.0.40219.1
Project("{FAE04EC0-301F-11D3-BF4B-00C04F79EFBC}") = "ConsoleApp1", "ConsoleApp1\ConsoleApp1.csproj", "{52D869ED-A819-4277-899E-616FBE579F40}"
EndProject
Global
	GlobalSection(SolutionConfigurationPlatforms) = preSolution
		Debug|Any CPU = Debug|Any CPU
		Release|Any CPU = Release|Any CPU
	EndGlobalSection
	GlobalSection(ProjectConfigurationPlatforms) = postSolution
		{52D869ED-A819-4277-899E-616FBE579F40}.Debug|Any CPU.ActiveCfg = Debug|Any CPU
		{52D869ED-A819-4277-899E-616FBE579F40}.Debug|Any CPU.Build.0 = Debug|Any CPU
		{52D869ED-A819-4277-899E-616FBE579F40}.Release|Any CPU.ActiveCfg = Release|Any CPU
		{52D869ED-A819-4277-899E-616FBE579F40}.Release|Any CPU.Build.0 = Release|Any CPU
	EndGlobalSection
	GlobalSection(SolutionProperties) = preSolution
		HideSolutionNode = FALSE
	EndGlobalSection
	GlobalSection(ExtensibilityGlobals) = postSolution
		SolutionGuid = {B828DFA7-5526-413A-AD76-E242E13FEB7D}
	EndGlobalSection
EndGlobal
