
Microsoft Visual Studio Solution File, Format Version 12.00
# Visual Studio Version 16
VisualStudioVersion = 16.0.32802.440
MinimumVisualStudioVersion = 10.0.40219.1
Project("{FAE04EC0-301F-11D3-BF4B-00C04F79EFBC}") = "Operadores L e C", "Operadores L e C\Operadores L e C.csproj", "{FF40A815-423F-4068-B70C-59F75A8EE51A}"
EndProject
Global
	GlobalSection(SolutionConfigurationPlatforms) = preSolution
		Debug|Any CPU = Debug|Any CPU
		Release|Any CPU = Release|Any CPU
	EndGlobalSection
	GlobalSection(ProjectConfigurationPlatforms) = postSolution
		{FF40A815-423F-4068-B70C-59F75A8EE51A}.Debug|Any CPU.ActiveCfg = Debug|Any CPU
		{FF40A815-423F-4068-B70C-59F75A8EE51A}.Debug|Any CPU.Build.0 = Debug|Any CPU
		{FF40A815-423F-4068-B70C-59F75A8EE51A}.Release|Any CPU.ActiveCfg = Release|Any CPU
		{FF40A815-423F-4068-B70C-59F75A8EE51A}.Release|Any CPU.Build.0 = Release|Any CPU
	EndGlobalSection
	GlobalSection(SolutionProperties) = preSolution
		HideSolutionNode = FALSE
	EndGlobalSection
	GlobalSection(ExtensibilityGlobals) = postSolution
		SolutionGuid = {BACBA498-EA93-4CB8-A7F4-B869DCBC83EF}
	EndGlobalSection
EndGlobal
