
Microsoft Visual Studio Solution File, Format Version 12.00
# Visual Studio Version 16
VisualStudioVersion = 16.0.32802.440
MinimumVisualStudioVersion = 10.0.40219.1
Project("{FAE04EC0-301F-11D3-BF4B-00C04F79EFBC}") = "Estrutura condicional if - else", "Estrutura condicional if - else\Estrutura condicional if - else.csproj", "{591FD052-0530-408B-9897-BAF0F82F1EA9}"
EndProject
Global
	GlobalSection(SolutionConfigurationPlatforms) = preSolution
		Debug|Any CPU = Debug|Any CPU
		Release|Any CPU = Release|Any CPU
	EndGlobalSection
	GlobalSection(ProjectConfigurationPlatforms) = postSolution
		{591FD052-0530-408B-9897-BAF0F82F1EA9}.Debug|Any CPU.ActiveCfg = Debug|Any CPU
		{591FD052-0530-408B-9897-BAF0F82F1EA9}.Debug|Any CPU.Build.0 = Debug|Any CPU
		{591FD052-0530-408B-9897-BAF0F82F1EA9}.Release|Any CPU.ActiveCfg = Release|Any CPU
		{591FD052-0530-408B-9897-BAF0F82F1EA9}.Release|Any CPU.Build.0 = Release|Any CPU
	EndGlobalSection
	GlobalSection(SolutionProperties) = preSolution
		HideSolutionNode = FALSE
	EndGlobalSection
	GlobalSection(ExtensibilityGlobals) = postSolution
		SolutionGuid = {9E55D80D-11CB-420C-81F2-2F3EFBF4D481}
	EndGlobalSection
EndGlobal
