
Microsoft Visual Studio Solution File, Format Version 12.00
# Visual Studio Version 16
VisualStudioVersion = 16.0.32802.440
MinimumVisualStudioVersion = 10.0.40219.1
Project("{FAE04EC0-301F-11D3-BF4B-00C04F79EFBC}") = "Exercícios_OutputCS", "Exercícios_OutputCS\Exercícios_OutputCS.csproj", "{B6E2D829-91ED-4D64-9129-2361D746A998}"
EndProject
Global
	GlobalSection(SolutionConfigurationPlatforms) = preSolution
		Debug|Any CPU = Debug|Any CPU
		Release|Any CPU = Release|Any CPU
	EndGlobalSection
	GlobalSection(ProjectConfigurationPlatforms) = postSolution
		{B6E2D829-91ED-4D64-9129-2361D746A998}.Debug|Any CPU.ActiveCfg = Debug|Any CPU
		{B6E2D829-91ED-4D64-9129-2361D746A998}.Debug|Any CPU.Build.0 = Debug|Any CPU
		{B6E2D829-91ED-4D64-9129-2361D746A998}.Release|Any CPU.ActiveCfg = Release|Any CPU
		{B6E2D829-91ED-4D64-9129-2361D746A998}.Release|Any CPU.Build.0 = Release|Any CPU
	EndGlobalSection
	GlobalSection(SolutionProperties) = preSolution
		HideSolutionNode = FALSE
	EndGlobalSection
	GlobalSection(ExtensibilityGlobals) = postSolution
		SolutionGuid = {34B700BF-AA1D-4B04-B131-7D5058333B20}
	EndGlobalSection
EndGlobal
