
Microsoft Visual Studio Solution File, Format Version 12.00
# Visual Studio Version 16
VisualStudioVersion = 16.0.32802.440
MinimumVisualStudioVersion = 10.0.40219.1
Project("{FAE04EC0-301F-11D3-BF4B-00C04F79EFBC}") = "Teste_a_ser_excluído", "Teste_a_ser_excluído\Teste_a_ser_excluído.csproj", "{44C7E72A-CBCB-4357-8085-1A5E12F7A140}"
EndProject
Global
	GlobalSection(SolutionConfigurationPlatforms) = preSolution
		Debug|Any CPU = Debug|Any CPU
		Release|Any CPU = Release|Any CPU
	EndGlobalSection
	GlobalSection(ProjectConfigurationPlatforms) = postSolution
		{44C7E72A-CBCB-4357-8085-1A5E12F7A140}.Debug|Any CPU.ActiveCfg = Debug|Any CPU
		{44C7E72A-CBCB-4357-8085-1A5E12F7A140}.Debug|Any CPU.Build.0 = Debug|Any CPU
		{44C7E72A-CBCB-4357-8085-1A5E12F7A140}.Release|Any CPU.ActiveCfg = Release|Any CPU
		{44C7E72A-CBCB-4357-8085-1A5E12F7A140}.Release|Any CPU.Build.0 = Release|Any CPU
	EndGlobalSection
	GlobalSection(SolutionProperties) = preSolution
		HideSolutionNode = FALSE
	EndGlobalSection
	GlobalSection(ExtensibilityGlobals) = postSolution
		SolutionGuid = {1B18F208-B663-45B5-89D7-BC3D286A2517}
	EndGlobalSection
EndGlobal
