
Microsoft Visual Studio Solution File, Format Version 12.00
# Visual Studio Version 16
VisualStudioVersion = 16.0.32802.440
MinimumVisualStudioVersion = 10.0.40219.1
Project("{FAE04EC0-301F-11D3-BF4B-00C04F79EFBC}") = "Herança", "Herança\Herança.csproj", "{7B0568A4-B970-4E18-BABE-3A2E43FF7DCE}"
EndProject
Global
	GlobalSection(SolutionConfigurationPlatforms) = preSolution
		Debug|Any CPU = Debug|Any CPU
		Release|Any CPU = Release|Any CPU
	EndGlobalSection
	GlobalSection(ProjectConfigurationPlatforms) = postSolution
		{7B0568A4-B970-4E18-BABE-3A2E43FF7DCE}.Debug|Any CPU.ActiveCfg = Debug|Any CPU
		{7B0568A4-B970-4E18-BABE-3A2E43FF7DCE}.Debug|Any CPU.Build.0 = Debug|Any CPU
		{7B0568A4-B970-4E18-BABE-3A2E43FF7DCE}.Release|Any CPU.ActiveCfg = Release|Any CPU
		{7B0568A4-B970-4E18-BABE-3A2E43FF7DCE}.Release|Any CPU.Build.0 = Release|Any CPU
	EndGlobalSection
	GlobalSection(SolutionProperties) = preSolution
		HideSolutionNode = FALSE
	EndGlobalSection
	GlobalSection(ExtensibilityGlobals) = postSolution
		SolutionGuid = {B0EFE39E-30A0-4284-A2A4-33F133282C99}
	EndGlobalSection
EndGlobal
