
Microsoft Visual Studio Solution File, Format Version 12.00
# Visual Studio Version 16
VisualStudioVersion = 16.0.32802.440
MinimumVisualStudioVersion = 10.0.40219.1
Project("{FAE04EC0-301F-11D3-BF4B-00C04F79EFBC}") = "Modifica Parametro", "Modifica Parametro\Modifica Parametro.csproj", "{339FDB84-BC2D-49B3-8B2B-09145D3AB8A5}"
EndProject
Global
	GlobalSection(SolutionConfigurationPlatforms) = preSolution
		Debug|Any CPU = Debug|Any CPU
		Release|Any CPU = Release|Any CPU
	EndGlobalSection
	GlobalSection(ProjectConfigurationPlatforms) = postSolution
		{339FDB84-BC2D-49B3-8B2B-09145D3AB8A5}.Debug|Any CPU.ActiveCfg = Debug|Any CPU
		{339FDB84-BC2D-49B3-8B2B-09145D3AB8A5}.Debug|Any CPU.Build.0 = Debug|Any CPU
		{339FDB84-BC2D-49B3-8B2B-09145D3AB8A5}.Release|Any CPU.ActiveCfg = Release|Any CPU
		{339FDB84-BC2D-49B3-8B2B-09145D3AB8A5}.Release|Any CPU.Build.0 = Release|Any CPU
	EndGlobalSection
	GlobalSection(SolutionProperties) = preSolution
		HideSolutionNode = FALSE
	EndGlobalSection
	GlobalSection(ExtensibilityGlobals) = postSolution
		SolutionGuid = {BF2ABED3-5327-4F7A-A1A9-FD0596A6D9DD}
	EndGlobalSection
EndGlobal
