
Microsoft Visual Studio Solution File, Format Version 12.00
# Visual Studio Version 16
VisualStudioVersion = 16.0.33027.164
MinimumVisualStudioVersion = 10.0.40219.1
Project("{FAE04EC0-301F-11D3-BF4B-00C04F79EFBC}") = "Delegates", "Delegates\Delegates.csproj", "{33623632-E687-4354-9E20-862DBF33400F}"
EndProject
Global
	GlobalSection(SolutionConfigurationPlatforms) = preSolution
		Debug|Any CPU = Debug|Any CPU
		Release|Any CPU = Release|Any CPU
	EndGlobalSection
	GlobalSection(ProjectConfigurationPlatforms) = postSolution
		{33623632-E687-4354-9E20-862DBF33400F}.Debug|Any CPU.ActiveCfg = Debug|Any CPU
		{33623632-E687-4354-9E20-862DBF33400F}.Debug|Any CPU.Build.0 = Debug|Any CPU
		{33623632-E687-4354-9E20-862DBF33400F}.Release|Any CPU.ActiveCfg = Release|Any CPU
		{33623632-E687-4354-9E20-862DBF33400F}.Release|Any CPU.Build.0 = Release|Any CPU
	EndGlobalSection
	GlobalSection(SolutionProperties) = preSolution
		HideSolutionNode = FALSE
	EndGlobalSection
	GlobalSection(ExtensibilityGlobals) = postSolution
		SolutionGuid = {C32D3F1B-4C5F-4444-8ECE-504E74AC4CB5}
	EndGlobalSection
EndGlobal
