
Microsoft Visual Studio Solution File, Format Version 12.00
# Visual Studio Version 16
VisualStudioVersion = 16.0.32802.440
MinimumVisualStudioVersion = 10.0.40219.1
Project("{FAE04EC0-301F-11D3-BF4B-00C04F79EFBC}") = "Entrada de Dados CS", "Entrada de Dados CS\Entrada de Dados CS.csproj", "{AFFD7508-A87B-46AE-A71E-E873BF39CF29}"
EndProject
Global
	GlobalSection(SolutionConfigurationPlatforms) = preSolution
		Debug|Any CPU = Debug|Any CPU
		Release|Any CPU = Release|Any CPU
	EndGlobalSection
	GlobalSection(ProjectConfigurationPlatforms) = postSolution
		{AFFD7508-A87B-46AE-A71E-E873BF39CF29}.Debug|Any CPU.ActiveCfg = Debug|Any CPU
		{AFFD7508-A87B-46AE-A71E-E873BF39CF29}.Debug|Any CPU.Build.0 = Debug|Any CPU
		{AFFD7508-A87B-46AE-A71E-E873BF39CF29}.Release|Any CPU.ActiveCfg = Release|Any CPU
		{AFFD7508-A87B-46AE-A71E-E873BF39CF29}.Release|Any CPU.Build.0 = Release|Any CPU
	EndGlobalSection
	GlobalSection(SolutionProperties) = preSolution
		HideSolutionNode = FALSE
	EndGlobalSection
	GlobalSection(ExtensibilityGlobals) = postSolution
		SolutionGuid = {1DFF0B3C-38C6-42F7-B6C4-94135215B80C}
	EndGlobalSection
EndGlobal
