
Microsoft Visual Studio Solution File, Format Version 12.00
# Visual Studio Version 16
VisualStudioVersion = 16.0.32802.440
MinimumVisualStudioVersion = 10.0.40219.1
Project("{FAE04EC0-301F-11D3-BF4B-00C04F79EFBC}") = "Vetores", "Vetores\Vetores.csproj", "{7E45BA2F-9852-45F8-90AA-31C5BDA3E20B}"
EndProject
Global
	GlobalSection(SolutionConfigurationPlatforms) = preSolution
		Debug|Any CPU = Debug|Any CPU
		Release|Any CPU = Release|Any CPU
	EndGlobalSection
	GlobalSection(ProjectConfigurationPlatforms) = postSolution
		{7E45BA2F-9852-45F8-90AA-31C5BDA3E20B}.Debug|Any CPU.ActiveCfg = Debug|Any CPU
		{7E45BA2F-9852-45F8-90AA-31C5BDA3E20B}.Debug|Any CPU.Build.0 = Debug|Any CPU
		{7E45BA2F-9852-45F8-90AA-31C5BDA3E20B}.Release|Any CPU.ActiveCfg = Release|Any CPU
		{7E45BA2F-9852-45F8-90AA-31C5BDA3E20B}.Release|Any CPU.Build.0 = Release|Any CPU
	EndGlobalSection
	GlobalSection(SolutionProperties) = preSolution
		HideSolutionNode = FALSE
	EndGlobalSection
	GlobalSection(ExtensibilityGlobals) = postSolution
		SolutionGuid = {A0AE2CA9-55B1-4A90-AAFA-D291F17E509C}
	EndGlobalSection
EndGlobal
