
Microsoft Visual Studio Solution File, Format Version 12.00
# Visual Studio Version 16
VisualStudioVersion = 16.0.32802.440
MinimumVisualStudioVersion = 10.0.40219.1
Project("{FAE04EC0-301F-11D3-BF4B-00C04F79EFBC}") = "Exercício_4.4", "Exercício_4.4\Exercício_4.4.csproj", "{A83236D5-5D21-431C-AD23-EA6437D2A9C8}"
EndProject
Global
	GlobalSection(SolutionConfigurationPlatforms) = preSolution
		Debug|Any CPU = Debug|Any CPU
		Release|Any CPU = Release|Any CPU
	EndGlobalSection
	GlobalSection(ProjectConfigurationPlatforms) = postSolution
		{A83236D5-5D21-431C-AD23-EA6437D2A9C8}.Debug|Any CPU.ActiveCfg = Debug|Any CPU
		{A83236D5-5D21-431C-AD23-EA6437D2A9C8}.Debug|Any CPU.Build.0 = Debug|Any CPU
		{A83236D5-5D21-431C-AD23-EA6437D2A9C8}.Release|Any CPU.ActiveCfg = Release|Any CPU
		{A83236D5-5D21-431C-AD23-EA6437D2A9C8}.Release|Any CPU.Build.0 = Release|Any CPU
	EndGlobalSection
	GlobalSection(SolutionProperties) = preSolution
		HideSolutionNode = FALSE
	EndGlobalSection
	GlobalSection(ExtensibilityGlobals) = postSolution
		SolutionGuid = {07115882-EF51-460B-A892-5CA173D49439}
	EndGlobalSection
EndGlobal
