
Microsoft Visual Studio Solution File, Format Version 12.00
# Visual Studio Version 16
VisualStudioVersion = 16.0.32802.440
MinimumVisualStudioVersion = 10.0.40219.1
Project("{FAE04EC0-301F-11D3-BF4B-00C04F79EFBC}") = "Criando Exceções Personalizadas", "Criando Exceções Personalizadas\Criando Exceções Personalizadas.csproj", "{CA780853-5183-4FDC-A2FE-4DA5366A2BDF}"
EndProject
Global
	GlobalSection(SolutionConfigurationPlatforms) = preSolution
		Debug|Any CPU = Debug|Any CPU
		Release|Any CPU = Release|Any CPU
	EndGlobalSection
	GlobalSection(ProjectConfigurationPlatforms) = postSolution
		{CA780853-5183-4FDC-A2FE-4DA5366A2BDF}.Debug|Any CPU.ActiveCfg = Debug|Any CPU
		{CA780853-5183-4FDC-A2FE-4DA5366A2BDF}.Debug|Any CPU.Build.0 = Debug|Any CPU
		{CA780853-5183-4FDC-A2FE-4DA5366A2BDF}.Release|Any CPU.ActiveCfg = Release|Any CPU
		{CA780853-5183-4FDC-A2FE-4DA5366A2BDF}.Release|Any CPU.Build.0 = Release|Any CPU
	EndGlobalSection
	GlobalSection(SolutionProperties) = preSolution
		HideSolutionNode = FALSE
	EndGlobalSection
	GlobalSection(ExtensibilityGlobals) = postSolution
		SolutionGuid = {1081FA06-977E-4EE3-944D-BE18B2FA500B}
	EndGlobalSection
EndGlobal
