
Microsoft Visual Studio Solution File, Format Version 12.00
# Visual Studio Version 16
VisualStudioVersion = 16.0.32802.440
MinimumVisualStudioVersion = 10.0.40219.1
Project("{FAE04EC0-301F-11D3-BF4B-00C04F79EFBC}") = "Orientação a Objeto.2", "Orientação a Objeto.2\Orientação a Objeto.2.csproj", "{2DCCA803-DFE4-4DA7-992C-101CE773768B}"
EndProject
Global
	GlobalSection(SolutionConfigurationPlatforms) = preSolution
		Debug|Any CPU = Debug|Any CPU
		Release|Any CPU = Release|Any CPU
	EndGlobalSection
	GlobalSection(ProjectConfigurationPlatforms) = postSolution
		{2DCCA803-DFE4-4DA7-992C-101CE773768B}.Debug|Any CPU.ActiveCfg = Debug|Any CPU
		{2DCCA803-DFE4-4DA7-992C-101CE773768B}.Debug|Any CPU.Build.0 = Debug|Any CPU
		{2DCCA803-DFE4-4DA7-992C-101CE773768B}.Release|Any CPU.ActiveCfg = Release|Any CPU
		{2DCCA803-DFE4-4DA7-992C-101CE773768B}.Release|Any CPU.Build.0 = Release|Any CPU
	EndGlobalSection
	GlobalSection(SolutionProperties) = preSolution
		HideSolutionNode = FALSE
	EndGlobalSection
	GlobalSection(ExtensibilityGlobals) = postSolution
		SolutionGuid = {B5284B13-8666-41D3-A56D-E430517F95F8}
	EndGlobalSection
EndGlobal
