
Microsoft Visual Studio Solution File, Format Version 12.00
# Visual Studio Version 16
VisualStudioVersion = 16.0.32802.440
MinimumVisualStudioVersion = 10.0.40219.1
Project("{FAE04EC0-301F-11D3-BF4B-00C04F79EFBC}") = "Operador de coalescência nula", "Operador de coalescência nula\Operador de coalescência nula.csproj", "{0002AF76-D733-4529-820E-6C5A373E7536}"
EndProject
Global
	GlobalSection(SolutionConfigurationPlatforms) = preSolution
		Debug|Any CPU = Debug|Any CPU
		Release|Any CPU = Release|Any CPU
	EndGlobalSection
	GlobalSection(ProjectConfigurationPlatforms) = postSolution
		{0002AF76-D733-4529-820E-6C5A373E7536}.Debug|Any CPU.ActiveCfg = Debug|Any CPU
		{0002AF76-D733-4529-820E-6C5A373E7536}.Debug|Any CPU.Build.0 = Debug|Any CPU
		{0002AF76-D733-4529-820E-6C5A373E7536}.Release|Any CPU.ActiveCfg = Release|Any CPU
		{0002AF76-D733-4529-820E-6C5A373E7536}.Release|Any CPU.Build.0 = Release|Any CPU
	EndGlobalSection
	GlobalSection(SolutionProperties) = preSolution
		HideSolutionNode = FALSE
	EndGlobalSection
	GlobalSection(ExtensibilityGlobals) = postSolution
		SolutionGuid = {FC48AE2A-BFA7-4346-9A59-576065EE5928}
	EndGlobalSection
EndGlobal
