
Microsoft Visual Studio Solution File, Format Version 12.00
# Visual Studio Version 16
VisualStudioVersion = 16.0.32929.386
MinimumVisualStudioVersion = 10.0.40219.1
Project("{FAE04EC0-301F-11D3-BF4B-00C04F79EFBC}") = "Bloco Using", "Bloco Using\Bloco Using.csproj", "{119C2F55-2BE3-404B-99D8-A94E019149DA}"
EndProject
Global
	GlobalSection(SolutionConfigurationPlatforms) = preSolution
		Debug|Any CPU = Debug|Any CPU
		Release|Any CPU = Release|Any CPU
	EndGlobalSection
	GlobalSection(ProjectConfigurationPlatforms) = postSolution
		{119C2F55-2BE3-404B-99D8-A94E019149DA}.Debug|Any CPU.ActiveCfg = Debug|Any CPU
		{119C2F55-2BE3-404B-99D8-A94E019149DA}.Debug|Any CPU.Build.0 = Debug|Any CPU
		{119C2F55-2BE3-404B-99D8-A94E019149DA}.Release|Any CPU.ActiveCfg = Release|Any CPU
		{119C2F55-2BE3-404B-99D8-A94E019149DA}.Release|Any CPU.Build.0 = Release|Any CPU
	EndGlobalSection
	GlobalSection(SolutionProperties) = preSolution
		HideSolutionNode = FALSE
	EndGlobalSection
	GlobalSection(ExtensibilityGlobals) = postSolution
		SolutionGuid = {44D1339F-B2FB-4008-9A07-9AB80D6BD78D}
	EndGlobalSection
EndGlobal
