
Microsoft Visual Studio Solution File, Format Version 12.00
# Visual Studio Version 16
VisualStudioVersion = 16.0.32802.440
MinimumVisualStudioVersion = 10.0.40219.1
Project("{FAE04EC0-301F-11D3-BF4B-00C04F79EFBC}") = "Exercícios_02", "Exercícios_02\Exercícios_02.csproj", "{C5F6004A-0DB7-4522-A0D0-8197C119ACA6}"
EndProject
Global
	GlobalSection(SolutionConfigurationPlatforms) = preSolution
		Debug|Any CPU = Debug|Any CPU
		Release|Any CPU = Release|Any CPU
	EndGlobalSection
	GlobalSection(ProjectConfigurationPlatforms) = postSolution
		{C5F6004A-0DB7-4522-A0D0-8197C119ACA6}.Debug|Any CPU.ActiveCfg = Debug|Any CPU
		{C5F6004A-0DB7-4522-A0D0-8197C119ACA6}.Debug|Any CPU.Build.0 = Debug|Any CPU
		{C5F6004A-0DB7-4522-A0D0-8197C119ACA6}.Release|Any CPU.ActiveCfg = Release|Any CPU
		{C5F6004A-0DB7-4522-A0D0-8197C119ACA6}.Release|Any CPU.Build.0 = Release|Any CPU
	EndGlobalSection
	GlobalSection(SolutionProperties) = preSolution
		HideSolutionNode = FALSE
	EndGlobalSection
	GlobalSection(ExtensibilityGlobals) = postSolution
		SolutionGuid = {F43E9C16-A6D6-4052-AACF-65B2696C4CC5}
	EndGlobalSection
EndGlobal
