
Microsoft Visual Studio Solution File, Format Version 12.00
# Visual Studio Version 16
VisualStudioVersion = 16.0.32802.440
MinimumVisualStudioVersion = 10.0.40219.1
Project("{FAE04EC0-301F-11D3-BF4B-00C04F79EFBC}") = "Pedido Composição", "Pedido Composição\Pedido Composição.csproj", "{7626C397-56B0-44E3-A203-59ECB9473BE0}"
EndProject
Global
	GlobalSection(SolutionConfigurationPlatforms) = preSolution
		Debug|Any CPU = Debug|Any CPU
		Release|Any CPU = Release|Any CPU
	EndGlobalSection
	GlobalSection(ProjectConfigurationPlatforms) = postSolution
		{7626C397-56B0-44E3-A203-59ECB9473BE0}.Debug|Any CPU.ActiveCfg = Debug|Any CPU
		{7626C397-56B0-44E3-A203-59ECB9473BE0}.Debug|Any CPU.Build.0 = Debug|Any CPU
		{7626C397-56B0-44E3-A203-59ECB9473BE0}.Release|Any CPU.ActiveCfg = Release|Any CPU
		{7626C397-56B0-44E3-A203-59ECB9473BE0}.Release|Any CPU.Build.0 = Release|Any CPU
	EndGlobalSection
	GlobalSection(SolutionProperties) = preSolution
		HideSolutionNode = FALSE
	EndGlobalSection
	GlobalSection(ExtensibilityGlobals) = postSolution
		SolutionGuid = {7C1E6B4F-F931-4F8E-A125-B63415FD88C8}
	EndGlobalSection
EndGlobal
